
Microsoft Visual Studio Solution File, Format Version 12.00
# Visual Studio 15
VisualStudioVersion = 15.0.26430.16
MinimumVisualStudioVersion = 10.0.40219.1
Project("{FAE04EC0-301F-11D3-BF4B-00C04F79EFBC}") = "Uvodni", "ConsoleApp1\Uvodni.csproj", "{31F30331-D9D7-4529-9C4C-B096F2654F21}"
EndProject
Project("{FAE04EC0-301F-11D3-BF4B-00C04F79EFBC}") = "Zbroj", "Zbroj\Zbroj.csproj", "{C72F648D-610F-4C09-90AE-BB2DD90A29D2}"
EndProject
Project("{2150E333-8FDC-42A3-9474-1A3956D46DE8}") = "4.1_Uvod", "4.1_Uvod", "{1CD019B1-6628-4F9D-BE13-AA15FA2AD934}"
EndProject
Project("{FAE04EC0-301F-11D3-BF4B-00C04F79EFBC}") = "Hello", "Hello\Hello.csproj", "{D57B4D9F-C756-4E84-951D-2D56EDE879A7}"
EndProject
Project("{FAE04EC0-301F-11D3-BF4B-00C04F79EFBC}") = "IspisBrojeva", "IspisBrojeva\IspisBrojeva.csproj", "{0CA433EB-B30D-4A93-8401-EC2C8A5BE104}"
EndProject
Project("{2150E333-8FDC-42A3-9474-1A3956D46DE8}") = "5.1_varijable", "5.1_varijable", "{D4D349EF-58D4-4E04-88A2-35FFA5D2EABC}"
EndProject
Project("{FAE04EC0-301F-11D3-BF4B-00C04F79EFBC}") = "zbroj_razlika", "zbroj_razlika\zbroj_razlika.csproj", "{04799DD3-720C-4707-947F-C35FEB76F557}"
EndProject
Project("{2150E333-8FDC-42A3-9474-1A3956D46DE8}") = "5.2_Uvjetno_grananje", "5.2_Uvjetno_grananje", "{19D29F78-F7F0-4D00-8791-9EDF91AE03A6}"
EndProject
Project("{FAE04EC0-301F-11D3-BF4B-00C04F79EFBC}") = "if_primjer", "if_primjer\if_primjer.csproj", "{B115C56C-759C-4FE8-B30A-B5550F650228}"
EndProject
Project("{FAE04EC0-301F-11D3-BF4B-00C04F79EFBC}") = "primjer_5.2.1.2_pozitivan", "primjer_5.2.1.2_pozitivan\primjer_5.2.1.2_pozitivan.csproj", "{FA8A60FB-8C81-4682-8051-5777C41C9AF6}"
EndProject
Project("{FAE04EC0-301F-11D3-BF4B-00C04F79EFBC}") = "primjer_5.2.2.switch", "primjer_5.2.2.switch\primjer_5.2.2.switch.csproj", "{1C42CD6A-A00C-47DC-A9CE-D95B5EEE825F}"
EndProject
Project("{FAE04EC0-301F-11D3-BF4B-00C04F79EFBC}") = "5.2.3.exceptio_primjer", "5.2.3.exceptio_primjer\5.2.3.exceptio_primjer.csproj", "{F452E0A6-FCB3-4519-9F1B-F4E60F7081EB}"
EndProject
Project("{FAE04EC0-301F-11D3-BF4B-00C04F79EFBC}") = "primjer_5.2.4.2", "primjer_5.2.4.2\primjer_5.2.4.2.csproj", "{00EE16C2-06FE-47EF-A9A4-9D75960A3839}"
EndProject
Project("{FAE04EC0-301F-11D3-BF4B-00C04F79EFBC}") = "primjer_5.2.4.3_seminar", "primjer_5.2.4.3_seminar\primjer_5.2.4.3_seminar.csproj", "{E17D486A-E3D2-423D-B5C6-E040B7163405}"
EndProject
Project("{FAE04EC0-301F-11D3-BF4B-00C04F79EFBC}") = "primjer_5.2.5_paran_neparan", "primjer_5.2.5_paran_neparan\primjer_5.2.5_paran_neparan.csproj", "{C6509853-8108-4A81-99FA-048DC8C2C04B}"
EndProject
Project("{FAE04EC0-301F-11D3-BF4B-00C04F79EFBC}") = "vjezba_5.2.3_veliki_broj", "vjezba_5.2.3_veliki_broj\vjezba_5.2.3_veliki_broj.csproj", "{AE867802-C35B-4436-8B69-02520E020A4A}"
EndProject
Project("{FAE04EC0-301F-11D3-BF4B-00C04F79EFBC}") = "vjezba_5.2.4_x_znamenkasti_broj", "vjezba_5.2.4_x_znamenkasti_broj\vjezba_5.2.4_x_znamenkasti_broj.csproj", "{9486D837-CF93-4FC9-A126-AD95AFBFAA53}"
EndProject
Project("{FAE04EC0-301F-11D3-BF4B-00C04F79EFBC}") = "vjezba_5.2.5_interval", "vjezba_5.2.5_interval\vjezba_5.2.5_interval.csproj", "{5B3C0B8D-AAB7-4295-91A3-C2BA84A4BD35}"
EndProject
Project("{FAE04EC0-301F-11D3-BF4B-00C04F79EFBC}") = "vjezba_5.2.6", "vjezba_5.2.6\vjezba_5.2.6.csproj", "{90D1AC85-EA89-4069-959A-03C6EE41BDCF}"
EndProject
Project("{FAE04EC0-301F-11D3-BF4B-00C04F79EFBC}") = "vjezba_5.2.7", "vjezba_5.2.7\vjezba_5.2.7.csproj", "{8F89DE3C-A368-43CC-90C9-6707063523F0}"
EndProject
Project("{FAE04EC0-301F-11D3-BF4B-00C04F79EFBC}") = "vjezba_5.2.8", "vjezba_5.2.8\vjezba_5.2.8.csproj", "{DDE48A67-42CA-4EEB-B595-8EFE21EB352B}"
EndProject
Project("{FAE04EC0-301F-11D3-BF4B-00C04F79EFBC}") = "vjezba_5.2.9", "vjezba_5.2.9\vjezba_5.2.9.csproj", "{C482CACC-3D1E-4713-9813-90A664A5BAD1}"
EndProject
Project("{2150E333-8FDC-42A3-9474-1A3956D46DE8}") = "5.3_ciklicke_petlje", "5.3_ciklicke_petlje", "{243FBF5B-4775-4EA8-816E-501BCF809E5D}"
EndProject
Project("{FAE04EC0-301F-11D3-BF4B-00C04F79EFBC}") = "Petlje_primjeri_for", "Petlje_primjeri\Petlje_primjeri_for.csproj", "{8329CE73-4328-4BB0-973D-F410DED8C517}"
EndProject
Project("{FAE04EC0-301F-11D3-BF4B-00C04F79EFBC}") = "primjer_5.3.1.1", "primjer_5.3.1.1\primjer_5.3.1.1.csproj", "{72C5A287-2915-4159-8DE5-F37B850FE1F7}"
EndProject
Project("{FAE04EC0-301F-11D3-BF4B-00C04F79EFBC}") = "petlja_primjeri_while", "petlja_primjeri_while\petlja_primjeri_while.csproj", "{6BC8A351-165E-4665-8BFF-BD3421DEA7F6}"
EndProject
Project("{FAE04EC0-301F-11D3-BF4B-00C04F79EFBC}") = "vjezba_5.3.1_neparni_do_20", "vjezba_5.3.1_neparni_do_20\vjezba_5.3.1_neparni_do_20.csproj", "{95B37757-1625-4E2B-9DF9-AC2644560DDF}"
EndProject
Project("{2150E333-8FDC-42A3-9474-1A3956D46DE8}") = "Zadaca_03.03.2019", "Zadaca_03.03.2019", "{94A2D135-A74E-4887-97DB-D490099D2F8F}"
EndProject
Project("{FAE04EC0-301F-11D3-BF4B-00C04F79EFBC}") = "Petlje_5.3.4_faktorijel", "5.3.4_faktorijel\Petlje_5.3.4_faktorijel.csproj", "{D405E40F-8202-4908-8E03-76CFEF5F37CE}"
EndProject
Project("{FAE04EC0-301F-11D3-BF4B-00C04F79EFBC}") = "5.3.5_djeljivi_s3", "5.3.5_djeljivi_s3\5.3.5_djeljivi_s3.csproj", "{7836578F-0579-414C-8A01-0F615F92ECBF}"
EndProject
Project("{FAE04EC0-301F-11D3-BF4B-00C04F79EFBC}") = "djeljivi_s_3", "djeljivi_s_3\djeljivi_s_3.csproj", "{D188046D-8E9A-4E6A-8028-ED71F761C6DA}"
EndProject
Project("{FAE04EC0-301F-11D3-BF4B-00C04F79EFBC}") = "5.3.7_ispis", "5.3.7_ispis\5.3.7_ispis.csproj", "{D71E50AF-404F-4EB1-A02C-E942C1968A88}"
EndProject
Project("{FAE04EC0-301F-11D3-BF4B-00C04F79EFBC}") = "5.3.9_djelitelj", "5.3.9_djelitelj\5.3.9_djelitelj.csproj", "{EC84463D-13A9-4E4D-953B-52B1B473B466}"
EndProject
Project("{FAE04EC0-301F-11D3-BF4B-00C04F79EFBC}") = "5.3.11_savrseni_brojevi", "5.3.11_savrseni_brojevi\5.3.11_savrseni_brojevi.csproj", "{A0E0EE1D-BD10-407D-BFDA-AFAF65FF65C2}"
EndProject
Project("{FAE04EC0-301F-11D3-BF4B-00C04F79EFBC}") = "5.3.13_min_max", "5.3.13_min_max\5.3.13_min_max.csproj", "{4C04B157-340D-4CF2-84AB-4209C1D7AB9F}"
EndProject
Project("{FAE04EC0-301F-11D3-BF4B-00C04F79EFBC}") = "5.3.15_ispis_unatrag", "5.3.15_ispis_unatrag\5.3.15_ispis_unatrag.csproj", "{B77ED12F-F090-444B-BAD1-F3FD287E70CA}"
EndProject
Project("{FAE04EC0-301F-11D3-BF4B-00C04F79EFBC}") = "5.3.17_potencije_2", "5.3.17_potencije_2\5.3.17_potencije_2.csproj", "{AA1F6BBA-F042-4AAF-9514-A522B34D41FC}"
EndProject
Project("{FAE04EC0-301F-11D3-BF4B-00C04F79EFBC}") = "5.3.19_suma", "5.3.19_suma\5.3.19_suma.csproj", "{01A41AD1-8454-49D4-A2DC-2D88F8C4986F}"
EndProject
Project("{FAE04EC0-301F-11D3-BF4B-00C04F79EFBC}") = "5.3.21_zavrsni_uspjeh", "5.3.21_zavrsni_uspjeh\5.3.21_zavrsni_uspjeh.csproj", "{FC669CAF-8498-43D2-8EC7-FE8540ED8606}"
EndProject
Project("{FAE04EC0-301F-11D3-BF4B-00C04F79EFBC}") = "Zadaca_5.3.8_7-3_koliko", "Zadaca_5.3.8\Zadaca_5.3.8_7-3_koliko.csproj", "{1A77FE6B-13B2-4628-8549-3F3EBE5D082B}"
EndProject
Project("{FAE04EC0-301F-11D3-BF4B-00C04F79EFBC}") = "Zadaca_5.3.12_suma _i_prosjek", "Zadaca_5.3.12_suma _i_prosjek\Zadaca_5.3.12_suma _i_prosjek.csproj", "{5F46ECD2-42BD-45BE-8F39-131336EC080E}"
EndProject
Project("{FAE04EC0-301F-11D3-BF4B-00C04F79EFBC}") = "Zadaca_5.3.14_neparni_brojevi", "Zadaca_5.3.14_neparni_brojevi\Zadaca_5.3.14_neparni_brojevi.csproj", "{C32FC15E-F295-4093-8407-582A0B5E4015}"
EndProject
Project("{FAE04EC0-301F-11D3-BF4B-00C04F79EFBC}") = "Zadaca_5.3.16_potencije_1", "Zadaca_5.3.16_potencije_1\Zadaca_5.3.16_potencije_1.csproj", "{9FC2E7C3-6813-4B74-85FC-F5B5ECFF002E}"
EndProject
Project("{FAE04EC0-301F-11D3-BF4B-00C04F79EFBC}") = "Zadaca_5.3.18_unos_ocjena", "Zadaca_5.3.18_unos_ocjena\Zadaca_5.3.18_unos_ocjena.csproj", "{DF0906F2-98BE-4067-89E2-7B3EB14CEB70}"
EndProject
Project("{FAE04EC0-301F-11D3-BF4B-00C04F79EFBC}") = "Zadaca_5.3.20_par_nepar", "Zadaca_5.3.20_par_nepar\Zadaca_5.3.20_par_nepar.csproj", "{58958887-71DB-4B60-ABAC-C65EBE0AC949}"
EndProject
Project("{FAE04EC0-301F-11D3-BF4B-00C04F79EFBC}") = "Zadaca_5.3.10_savrsen_broj", "Zadaca_5.3.10\Zadaca_5.3.10_savrsen_broj.csproj", "{80A6211E-9A34-4C0B-B735-D4053C5215A5}"
EndProject
Project("{FAE04EC0-301F-11D3-BF4B-00C04F79EFBC}") = "Zadaca_5.3.22_kalkulator_2", "Zadaca_5.3.22_kalkulator_2\Zadaca_5.3.22_kalkulator_2.csproj", "{F2CA88D0-8ACF-4566-8624-5E31C123899D}"
EndProject
Project("{2150E333-8FDC-42A3-9474-1A3956D46DE8}") = "6.1_nizovi", "6.1_nizovi", "{94EEA81A-78E5-4201-BCE7-B5F5918CF249}"
EndProject
Project("{FAE04EC0-301F-11D3-BF4B-00C04F79EFBC}") = "6.1.1_primjer", "6.1.1_primjer\6.1.1_primjer.csproj", "{5D63F711-B1D0-4FB1-B4C5-48FF81E6A786}"
EndProject
Project("{FAE04EC0-301F-11D3-BF4B-00C04F79EFBC}") = "6.2.1.1_arraylist", "6.2.1.1_arraylist\6.2.1.1_arraylist.csproj", "{12B0CB71-FE50-4DCA-9CE9-2164FC21CC04}"
EndProject
Project("{FAE04EC0-301F-11D3-BF4B-00C04F79EFBC}") = "6.1.2_max_niz", "6.1.2_max_niz\6.1.2_max_niz.csproj", "{6B8627D9-2E5B-4047-BAFA-FE947C5D5311}"
EndProject
Project("{FAE04EC0-301F-11D3-BF4B-00C04F79EFBC}") = "6.2.2_primjer_exception", "6.2.2_primjer_exception\6.2.2_primjer_exception.csproj", "{59B58330-431B-4938-88E2-4B7C53D64469}"
EndProject
Project("{FAE04EC0-301F-11D3-BF4B-00C04F79EFBC}") = "6.2.3_generics", "6.23_generics\6.2.3_generics.csproj", "{039F5E92-9864-42B5-BE7A-36673A0786D6}"
EndProject
Project("{FAE04EC0-301F-11D3-BF4B-00C04F79EFBC}") = "6.2.2_zbirka_generics_par_nepar", "6.2.2_zbirka_generics_par_nepar\6.2.2_zbirka_generics_par_nepar.csproj", "{9349076E-FC38-4A4B-A517-1C70D51CBAAB}"
EndProject
Project("{FAE04EC0-301F-11D3-BF4B-00C04F79EFBC}") = "6.2.3_zbirka_sort", "6.2.3_zbirka_sort\6.2.3_zbirka_sort.csproj", "{CD9AC2AF-4E68-4AEC-B895-2C8AC1A9381F}"
EndProject
Project("{FAE04EC0-301F-11D3-BF4B-00C04F79EFBC}") = "6.2.4_zbirka_znamenke", "6.2.4_zbirka_znamenke\6.2.4_zbirka_znamenke.csproj", "{7A43D17E-E41F-4692-99FB-99CCB302262B}"
EndProject
Project("{FAE04EC0-301F-11D3-BF4B-00C04F79EFBC}") = "6.2.4_drugi_nacin", "6.2.4_drugi_nacij\6.2.4_drugi_nacin.csproj", "{B9C965F4-1874-420A-B3A7-3A6B8F5DFAB1}"
EndProject
Project("{FAE04EC0-301F-11D3-BF4B-00C04F79EFBC}") = "6.2.5_prosti_faktor", "6.2.5_prosti_faktor\6.2.5_prosti_faktor.csproj", "{D7242AB6-907C-460F-BF54-DC48F212FCEA}"
EndProject
Project("{2150E333-8FDC-42A3-9474-1A3956D46DE8}") = "7.1_procedure", "7.1_procedure", "{F077A9E8-C58D-42BC-B678-144D6D329EA8}"
EndProject
Project("{FAE04EC0-301F-11D3-BF4B-00C04F79EFBC}") = "7.2_potprogrami", "7.2_potprogrami\7.2_potprogrami.csproj", "{CD3B0DC7-6569-4B85-9E1C-8253DDF70A3F}"
EndProject
Project("{FAE04EC0-301F-11D3-BF4B-00C04F79EFBC}") = "7.2.2_potprogram_pozdrav", "7.2.2_potprogram_pozdrav\7.2.2_potprogram_pozdrav.csproj", "{BACA9A96-0171-48DA-8400-BCC7D65C3345}"
EndProject
Project("{2150E333-8FDC-42A3-9474-1A3956D46DE8}") = "8.1_Objekti", "8.1_Objekti", "{65F3C39B-07BF-4B8B-9E62-D0D8F0CEA546}"
EndProject
Project("{FAE04EC0-301F-11D3-BF4B-00C04F79EFBC}") = "8.1.2_primjer", "8.1.2_primjer\8.1.2_primjer.csproj", "{C1E775F3-B94B-475E-BB85-2D77AFED0902}"
EndProject
Project("{FAE04EC0-301F-11D3-BF4B-00C04F79EFBC}") = "8.1.1_proizvod_zadaca", "8.1.1_proizvod_zadaca\8.1.1_proizvod_zadaca.csproj", "{29D66207-AE4D-4E0E-9C04-390D67F715D9}"
EndProject
Project("{FAE04EC0-301F-11D3-BF4B-00C04F79EFBC}") = "8.1.2_automobil_zadaca", "8.1.2_automobil_zadaca\8.1.2_automobil_zadaca.csproj", "{BE6A46F5-8015-4459-9340-3389E137EC3B}"
EndProject
Global
	GlobalSection(SolutionConfigurationPlatforms) = preSolution
		Debug|Any CPU = Debug|Any CPU
		Release|Any CPU = Release|Any CPU
	EndGlobalSection
	GlobalSection(ProjectConfigurationPlatforms) = postSolution
		{31F30331-D9D7-4529-9C4C-B096F2654F21}.Debug|Any CPU.ActiveCfg = Debug|Any CPU
		{31F30331-D9D7-4529-9C4C-B096F2654F21}.Debug|Any CPU.Build.0 = Debug|Any CPU
		{31F30331-D9D7-4529-9C4C-B096F2654F21}.Release|Any CPU.ActiveCfg = Release|Any CPU
		{31F30331-D9D7-4529-9C4C-B096F2654F21}.Release|Any CPU.Build.0 = Release|Any CPU
		{C72F648D-610F-4C09-90AE-BB2DD90A29D2}.Debug|Any CPU.ActiveCfg = Debug|Any CPU
		{C72F648D-610F-4C09-90AE-BB2DD90A29D2}.Debug|Any CPU.Build.0 = Debug|Any CPU
		{C72F648D-610F-4C09-90AE-BB2DD90A29D2}.Release|Any CPU.ActiveCfg = Release|Any CPU
		{C72F648D-610F-4C09-90AE-BB2DD90A29D2}.Release|Any CPU.Build.0 = Release|Any CPU
		{D57B4D9F-C756-4E84-951D-2D56EDE879A7}.Debug|Any CPU.ActiveCfg = Debug|Any CPU
		{D57B4D9F-C756-4E84-951D-2D56EDE879A7}.Debug|Any CPU.Build.0 = Debug|Any CPU
		{D57B4D9F-C756-4E84-951D-2D56EDE879A7}.Release|Any CPU.ActiveCfg = Release|Any CPU
		{D57B4D9F-C756-4E84-951D-2D56EDE879A7}.Release|Any CPU.Build.0 = Release|Any CPU
		{0CA433EB-B30D-4A93-8401-EC2C8A5BE104}.Debug|Any CPU.ActiveCfg = Debug|Any CPU
		{0CA433EB-B30D-4A93-8401-EC2C8A5BE104}.Debug|Any CPU.Build.0 = Debug|Any CPU
		{0CA433EB-B30D-4A93-8401-EC2C8A5BE104}.Release|Any CPU.ActiveCfg = Release|Any CPU
		{0CA433EB-B30D-4A93-8401-EC2C8A5BE104}.Release|Any CPU.Build.0 = Release|Any CPU
		{04799DD3-720C-4707-947F-C35FEB76F557}.Debug|Any CPU.ActiveCfg = Debug|Any CPU
		{04799DD3-720C-4707-947F-C35FEB76F557}.Debug|Any CPU.Build.0 = Debug|Any CPU
		{04799DD3-720C-4707-947F-C35FEB76F557}.Release|Any CPU.ActiveCfg = Release|Any CPU
		{04799DD3-720C-4707-947F-C35FEB76F557}.Release|Any CPU.Build.0 = Release|Any CPU
		{B115C56C-759C-4FE8-B30A-B5550F650228}.Debug|Any CPU.ActiveCfg = Debug|Any CPU
		{B115C56C-759C-4FE8-B30A-B5550F650228}.Debug|Any CPU.Build.0 = Debug|Any CPU
		{B115C56C-759C-4FE8-B30A-B5550F650228}.Release|Any CPU.ActiveCfg = Release|Any CPU
		{B115C56C-759C-4FE8-B30A-B5550F650228}.Release|Any CPU.Build.0 = Release|Any CPU
		{FA8A60FB-8C81-4682-8051-5777C41C9AF6}.Debug|Any CPU.ActiveCfg = Debug|Any CPU
		{FA8A60FB-8C81-4682-8051-5777C41C9AF6}.Debug|Any CPU.Build.0 = Debug|Any CPU
		{FA8A60FB-8C81-4682-8051-5777C41C9AF6}.Release|Any CPU.ActiveCfg = Release|Any CPU
		{FA8A60FB-8C81-4682-8051-5777C41C9AF6}.Release|Any CPU.Build.0 = Release|Any CPU
		{1C42CD6A-A00C-47DC-A9CE-D95B5EEE825F}.Debug|Any CPU.ActiveCfg = Debug|Any CPU
		{1C42CD6A-A00C-47DC-A9CE-D95B5EEE825F}.Debug|Any CPU.Build.0 = Debug|Any CPU
		{1C42CD6A-A00C-47DC-A9CE-D95B5EEE825F}.Release|Any CPU.ActiveCfg = Release|Any CPU
		{1C42CD6A-A00C-47DC-A9CE-D95B5EEE825F}.Release|Any CPU.Build.0 = Release|Any CPU
		{F452E0A6-FCB3-4519-9F1B-F4E60F7081EB}.Debug|Any CPU.ActiveCfg = Debug|Any CPU
		{F452E0A6-FCB3-4519-9F1B-F4E60F7081EB}.Debug|Any CPU.Build.0 = Debug|Any CPU
		{F452E0A6-FCB3-4519-9F1B-F4E60F7081EB}.Release|Any CPU.ActiveCfg = Release|Any CPU
		{F452E0A6-FCB3-4519-9F1B-F4E60F7081EB}.Release|Any CPU.Build.0 = Release|Any CPU
		{00EE16C2-06FE-47EF-A9A4-9D75960A3839}.Debug|Any CPU.ActiveCfg = Debug|Any CPU
		{00EE16C2-06FE-47EF-A9A4-9D75960A3839}.Debug|Any CPU.Build.0 = Debug|Any CPU
		{00EE16C2-06FE-47EF-A9A4-9D75960A3839}.Release|Any CPU.ActiveCfg = Release|Any CPU
		{00EE16C2-06FE-47EF-A9A4-9D75960A3839}.Release|Any CPU.Build.0 = Release|Any CPU
		{E17D486A-E3D2-423D-B5C6-E040B7163405}.Debug|Any CPU.ActiveCfg = Debug|Any CPU
		{E17D486A-E3D2-423D-B5C6-E040B7163405}.Debug|Any CPU.Build.0 = Debug|Any CPU
		{E17D486A-E3D2-423D-B5C6-E040B7163405}.Release|Any CPU.ActiveCfg = Release|Any CPU
		{E17D486A-E3D2-423D-B5C6-E040B7163405}.Release|Any CPU.Build.0 = Release|Any CPU
		{C6509853-8108-4A81-99FA-048DC8C2C04B}.Debug|Any CPU.ActiveCfg = Debug|Any CPU
		{C6509853-8108-4A81-99FA-048DC8C2C04B}.Debug|Any CPU.Build.0 = Debug|Any CPU
		{C6509853-8108-4A81-99FA-048DC8C2C04B}.Release|Any CPU.ActiveCfg = Release|Any CPU
		{C6509853-8108-4A81-99FA-048DC8C2C04B}.Release|Any CPU.Build.0 = Release|Any CPU
		{AE867802-C35B-4436-8B69-02520E020A4A}.Debug|Any CPU.ActiveCfg = Debug|Any CPU
		{AE867802-C35B-4436-8B69-02520E020A4A}.Debug|Any CPU.Build.0 = Debug|Any CPU
		{AE867802-C35B-4436-8B69-02520E020A4A}.Release|Any CPU.ActiveCfg = Release|Any CPU
		{AE867802-C35B-4436-8B69-02520E020A4A}.Release|Any CPU.Build.0 = Release|Any CPU
		{9486D837-CF93-4FC9-A126-AD95AFBFAA53}.Debug|Any CPU.ActiveCfg = Debug|Any CPU
		{9486D837-CF93-4FC9-A126-AD95AFBFAA53}.Debug|Any CPU.Build.0 = Debug|Any CPU
		{9486D837-CF93-4FC9-A126-AD95AFBFAA53}.Release|Any CPU.ActiveCfg = Release|Any CPU
		{9486D837-CF93-4FC9-A126-AD95AFBFAA53}.Release|Any CPU.Build.0 = Release|Any CPU
		{5B3C0B8D-AAB7-4295-91A3-C2BA84A4BD35}.Debug|Any CPU.ActiveCfg = Debug|Any CPU
		{5B3C0B8D-AAB7-4295-91A3-C2BA84A4BD35}.Debug|Any CPU.Build.0 = Debug|Any CPU
		{5B3C0B8D-AAB7-4295-91A3-C2BA84A4BD35}.Release|Any CPU.ActiveCfg = Release|Any CPU
		{5B3C0B8D-AAB7-4295-91A3-C2BA84A4BD35}.Release|Any CPU.Build.0 = Release|Any CPU
		{90D1AC85-EA89-4069-959A-03C6EE41BDCF}.Debug|Any CPU.ActiveCfg = Debug|Any CPU
		{90D1AC85-EA89-4069-959A-03C6EE41BDCF}.Debug|Any CPU.Build.0 = Debug|Any CPU
		{90D1AC85-EA89-4069-959A-03C6EE41BDCF}.Release|Any CPU.ActiveCfg = Release|Any CPU
		{90D1AC85-EA89-4069-959A-03C6EE41BDCF}.Release|Any CPU.Build.0 = Release|Any CPU
		{8F89DE3C-A368-43CC-90C9-6707063523F0}.Debug|Any CPU.ActiveCfg = Debug|Any CPU
		{8F89DE3C-A368-43CC-90C9-6707063523F0}.Debug|Any CPU.Build.0 = Debug|Any CPU
		{8F89DE3C-A368-43CC-90C9-6707063523F0}.Release|Any CPU.ActiveCfg = Release|Any CPU
		{8F89DE3C-A368-43CC-90C9-6707063523F0}.Release|Any CPU.Build.0 = Release|Any CPU
		{DDE48A67-42CA-4EEB-B595-8EFE21EB352B}.Debug|Any CPU.ActiveCfg = Debug|Any CPU
		{DDE48A67-42CA-4EEB-B595-8EFE21EB352B}.Debug|Any CPU.Build.0 = Debug|Any CPU
		{DDE48A67-42CA-4EEB-B595-8EFE21EB352B}.Release|Any CPU.ActiveCfg = Release|Any CPU
		{DDE48A67-42CA-4EEB-B595-8EFE21EB352B}.Release|Any CPU.Build.0 = Release|Any CPU
		{C482CACC-3D1E-4713-9813-90A664A5BAD1}.Debug|Any CPU.ActiveCfg = Debug|Any CPU
		{C482CACC-3D1E-4713-9813-90A664A5BAD1}.Debug|Any CPU.Build.0 = Debug|Any CPU
		{C482CACC-3D1E-4713-9813-90A664A5BAD1}.Release|Any CPU.ActiveCfg = Release|Any CPU
		{C482CACC-3D1E-4713-9813-90A664A5BAD1}.Release|Any CPU.Build.0 = Release|Any CPU
		{8329CE73-4328-4BB0-973D-F410DED8C517}.Debug|Any CPU.ActiveCfg = Debug|Any CPU
		{8329CE73-4328-4BB0-973D-F410DED8C517}.Debug|Any CPU.Build.0 = Debug|Any CPU
		{8329CE73-4328-4BB0-973D-F410DED8C517}.Release|Any CPU.ActiveCfg = Release|Any CPU
		{8329CE73-4328-4BB0-973D-F410DED8C517}.Release|Any CPU.Build.0 = Release|Any CPU
		{72C5A287-2915-4159-8DE5-F37B850FE1F7}.Debug|Any CPU.ActiveCfg = Debug|Any CPU
		{72C5A287-2915-4159-8DE5-F37B850FE1F7}.Debug|Any CPU.Build.0 = Debug|Any CPU
		{72C5A287-2915-4159-8DE5-F37B850FE1F7}.Release|Any CPU.ActiveCfg = Release|Any CPU
		{72C5A287-2915-4159-8DE5-F37B850FE1F7}.Release|Any CPU.Build.0 = Release|Any CPU
		{6BC8A351-165E-4665-8BFF-BD3421DEA7F6}.Debug|Any CPU.ActiveCfg = Debug|Any CPU
		{6BC8A351-165E-4665-8BFF-BD3421DEA7F6}.Debug|Any CPU.Build.0 = Debug|Any CPU
		{6BC8A351-165E-4665-8BFF-BD3421DEA7F6}.Release|Any CPU.ActiveCfg = Release|Any CPU
		{6BC8A351-165E-4665-8BFF-BD3421DEA7F6}.Release|Any CPU.Build.0 = Release|Any CPU
		{95B37757-1625-4E2B-9DF9-AC2644560DDF}.Debug|Any CPU.ActiveCfg = Debug|Any CPU
		{95B37757-1625-4E2B-9DF9-AC2644560DDF}.Debug|Any CPU.Build.0 = Debug|Any CPU
		{95B37757-1625-4E2B-9DF9-AC2644560DDF}.Release|Any CPU.ActiveCfg = Release|Any CPU
		{95B37757-1625-4E2B-9DF9-AC2644560DDF}.Release|Any CPU.Build.0 = Release|Any CPU
		{D405E40F-8202-4908-8E03-76CFEF5F37CE}.Debug|Any CPU.ActiveCfg = Debug|Any CPU
		{D405E40F-8202-4908-8E03-76CFEF5F37CE}.Debug|Any CPU.Build.0 = Debug|Any CPU
		{D405E40F-8202-4908-8E03-76CFEF5F37CE}.Release|Any CPU.ActiveCfg = Release|Any CPU
		{D405E40F-8202-4908-8E03-76CFEF5F37CE}.Release|Any CPU.Build.0 = Release|Any CPU
		{7836578F-0579-414C-8A01-0F615F92ECBF}.Debug|Any CPU.ActiveCfg = Debug|Any CPU
		{7836578F-0579-414C-8A01-0F615F92ECBF}.Debug|Any CPU.Build.0 = Debug|Any CPU
		{7836578F-0579-414C-8A01-0F615F92ECBF}.Release|Any CPU.ActiveCfg = Release|Any CPU
		{7836578F-0579-414C-8A01-0F615F92ECBF}.Release|Any CPU.Build.0 = Release|Any CPU
		{D188046D-8E9A-4E6A-8028-ED71F761C6DA}.Debug|Any CPU.ActiveCfg = Debug|Any CPU
		{D188046D-8E9A-4E6A-8028-ED71F761C6DA}.Debug|Any CPU.Build.0 = Debug|Any CPU
		{D188046D-8E9A-4E6A-8028-ED71F761C6DA}.Release|Any CPU.ActiveCfg = Release|Any CPU
		{D188046D-8E9A-4E6A-8028-ED71F761C6DA}.Release|Any CPU.Build.0 = Release|Any CPU
		{D71E50AF-404F-4EB1-A02C-E942C1968A88}.Debug|Any CPU.ActiveCfg = Debug|Any CPU
		{D71E50AF-404F-4EB1-A02C-E942C1968A88}.Debug|Any CPU.Build.0 = Debug|Any CPU
		{D71E50AF-404F-4EB1-A02C-E942C1968A88}.Release|Any CPU.ActiveCfg = Release|Any CPU
		{D71E50AF-404F-4EB1-A02C-E942C1968A88}.Release|Any CPU.Build.0 = Release|Any CPU
		{EC84463D-13A9-4E4D-953B-52B1B473B466}.Debug|Any CPU.ActiveCfg = Debug|Any CPU
		{EC84463D-13A9-4E4D-953B-52B1B473B466}.Debug|Any CPU.Build.0 = Debug|Any CPU
		{EC84463D-13A9-4E4D-953B-52B1B473B466}.Release|Any CPU.ActiveCfg = Release|Any CPU
		{EC84463D-13A9-4E4D-953B-52B1B473B466}.Release|Any CPU.Build.0 = Release|Any CPU
		{A0E0EE1D-BD10-407D-BFDA-AFAF65FF65C2}.Debug|Any CPU.ActiveCfg = Debug|Any CPU
		{A0E0EE1D-BD10-407D-BFDA-AFAF65FF65C2}.Debug|Any CPU.Build.0 = Debug|Any CPU
		{A0E0EE1D-BD10-407D-BFDA-AFAF65FF65C2}.Release|Any CPU.ActiveCfg = Release|Any CPU
		{A0E0EE1D-BD10-407D-BFDA-AFAF65FF65C2}.Release|Any CPU.Build.0 = Release|Any CPU
		{4C04B157-340D-4CF2-84AB-4209C1D7AB9F}.Debug|Any CPU.ActiveCfg = Debug|Any CPU
		{4C04B157-340D-4CF2-84AB-4209C1D7AB9F}.Debug|Any CPU.Build.0 = Debug|Any CPU
		{4C04B157-340D-4CF2-84AB-4209C1D7AB9F}.Release|Any CPU.ActiveCfg = Release|Any CPU
		{4C04B157-340D-4CF2-84AB-4209C1D7AB9F}.Release|Any CPU.Build.0 = Release|Any CPU
		{B77ED12F-F090-444B-BAD1-F3FD287E70CA}.Debug|Any CPU.ActiveCfg = Debug|Any CPU
		{B77ED12F-F090-444B-BAD1-F3FD287E70CA}.Debug|Any CPU.Build.0 = Debug|Any CPU
		{B77ED12F-F090-444B-BAD1-F3FD287E70CA}.Release|Any CPU.ActiveCfg = Release|Any CPU
		{B77ED12F-F090-444B-BAD1-F3FD287E70CA}.Release|Any CPU.Build.0 = Release|Any CPU
		{AA1F6BBA-F042-4AAF-9514-A522B34D41FC}.Debug|Any CPU.ActiveCfg = Debug|Any CPU
		{AA1F6BBA-F042-4AAF-9514-A522B34D41FC}.Debug|Any CPU.Build.0 = Debug|Any CPU
		{AA1F6BBA-F042-4AAF-9514-A522B34D41FC}.Release|Any CPU.ActiveCfg = Release|Any CPU
		{AA1F6BBA-F042-4AAF-9514-A522B34D41FC}.Release|Any CPU.Build.0 = Release|Any CPU
		{01A41AD1-8454-49D4-A2DC-2D88F8C4986F}.Debug|Any CPU.ActiveCfg = Debug|Any CPU
		{01A41AD1-8454-49D4-A2DC-2D88F8C4986F}.Debug|Any CPU.Build.0 = Debug|Any CPU
		{01A41AD1-8454-49D4-A2DC-2D88F8C4986F}.Release|Any CPU.ActiveCfg = Release|Any CPU
		{01A41AD1-8454-49D4-A2DC-2D88F8C4986F}.Release|Any CPU.Build.0 = Release|Any CPU
		{FC669CAF-8498-43D2-8EC7-FE8540ED8606}.Debug|Any CPU.ActiveCfg = Debug|Any CPU
		{FC669CAF-8498-43D2-8EC7-FE8540ED8606}.Debug|Any CPU.Build.0 = Debug|Any CPU
		{FC669CAF-8498-43D2-8EC7-FE8540ED8606}.Release|Any CPU.ActiveCfg = Release|Any CPU
		{FC669CAF-8498-43D2-8EC7-FE8540ED8606}.Release|Any CPU.Build.0 = Release|Any CPU
		{1A77FE6B-13B2-4628-8549-3F3EBE5D082B}.Debug|Any CPU.ActiveCfg = Debug|Any CPU
		{1A77FE6B-13B2-4628-8549-3F3EBE5D082B}.Debug|Any CPU.Build.0 = Debug|Any CPU
		{1A77FE6B-13B2-4628-8549-3F3EBE5D082B}.Release|Any CPU.ActiveCfg = Release|Any CPU
		{1A77FE6B-13B2-4628-8549-3F3EBE5D082B}.Release|Any CPU.Build.0 = Release|Any CPU
		{5F46ECD2-42BD-45BE-8F39-131336EC080E}.Debug|Any CPU.ActiveCfg = Debug|Any CPU
		{5F46ECD2-42BD-45BE-8F39-131336EC080E}.Debug|Any CPU.Build.0 = Debug|Any CPU
		{5F46ECD2-42BD-45BE-8F39-131336EC080E}.Release|Any CPU.ActiveCfg = Release|Any CPU
		{5F46ECD2-42BD-45BE-8F39-131336EC080E}.Release|Any CPU.Build.0 = Release|Any CPU
		{C32FC15E-F295-4093-8407-582A0B5E4015}.Debug|Any CPU.ActiveCfg = Debug|Any CPU
		{C32FC15E-F295-4093-8407-582A0B5E4015}.Debug|Any CPU.Build.0 = Debug|Any CPU
		{C32FC15E-F295-4093-8407-582A0B5E4015}.Release|Any CPU.ActiveCfg = Release|Any CPU
		{C32FC15E-F295-4093-8407-582A0B5E4015}.Release|Any CPU.Build.0 = Release|Any CPU
		{9FC2E7C3-6813-4B74-85FC-F5B5ECFF002E}.Debug|Any CPU.ActiveCfg = Debug|Any CPU
		{9FC2E7C3-6813-4B74-85FC-F5B5ECFF002E}.Debug|Any CPU.Build.0 = Debug|Any CPU
		{9FC2E7C3-6813-4B74-85FC-F5B5ECFF002E}.Release|Any CPU.ActiveCfg = Release|Any CPU
		{9FC2E7C3-6813-4B74-85FC-F5B5ECFF002E}.Release|Any CPU.Build.0 = Release|Any CPU
		{DF0906F2-98BE-4067-89E2-7B3EB14CEB70}.Debug|Any CPU.ActiveCfg = Debug|Any CPU
		{DF0906F2-98BE-4067-89E2-7B3EB14CEB70}.Debug|Any CPU.Build.0 = Debug|Any CPU
		{DF0906F2-98BE-4067-89E2-7B3EB14CEB70}.Release|Any CPU.ActiveCfg = Release|Any CPU
		{DF0906F2-98BE-4067-89E2-7B3EB14CEB70}.Release|Any CPU.Build.0 = Release|Any CPU
		{58958887-71DB-4B60-ABAC-C65EBE0AC949}.Debug|Any CPU.ActiveCfg = Debug|Any CPU
		{58958887-71DB-4B60-ABAC-C65EBE0AC949}.Debug|Any CPU.Build.0 = Debug|Any CPU
		{58958887-71DB-4B60-ABAC-C65EBE0AC949}.Release|Any CPU.ActiveCfg = Release|Any CPU
		{58958887-71DB-4B60-ABAC-C65EBE0AC949}.Release|Any CPU.Build.0 = Release|Any CPU
		{80A6211E-9A34-4C0B-B735-D4053C5215A5}.Debug|Any CPU.ActiveCfg = Debug|Any CPU
		{80A6211E-9A34-4C0B-B735-D4053C5215A5}.Debug|Any CPU.Build.0 = Debug|Any CPU
		{80A6211E-9A34-4C0B-B735-D4053C5215A5}.Release|Any CPU.ActiveCfg = Release|Any CPU
		{80A6211E-9A34-4C0B-B735-D4053C5215A5}.Release|Any CPU.Build.0 = Release|Any CPU
		{F2CA88D0-8ACF-4566-8624-5E31C123899D}.Debug|Any CPU.ActiveCfg = Debug|Any CPU
		{F2CA88D0-8ACF-4566-8624-5E31C123899D}.Debug|Any CPU.Build.0 = Debug|Any CPU
		{F2CA88D0-8ACF-4566-8624-5E31C123899D}.Release|Any CPU.ActiveCfg = Release|Any CPU
		{F2CA88D0-8ACF-4566-8624-5E31C123899D}.Release|Any CPU.Build.0 = Release|Any CPU
		{5D63F711-B1D0-4FB1-B4C5-48FF81E6A786}.Debug|Any CPU.ActiveCfg = Debug|Any CPU
		{5D63F711-B1D0-4FB1-B4C5-48FF81E6A786}.Debug|Any CPU.Build.0 = Debug|Any CPU
		{5D63F711-B1D0-4FB1-B4C5-48FF81E6A786}.Release|Any CPU.ActiveCfg = Release|Any CPU
		{5D63F711-B1D0-4FB1-B4C5-48FF81E6A786}.Release|Any CPU.Build.0 = Release|Any CPU
		{12B0CB71-FE50-4DCA-9CE9-2164FC21CC04}.Debug|Any CPU.ActiveCfg = Debug|Any CPU
		{12B0CB71-FE50-4DCA-9CE9-2164FC21CC04}.Debug|Any CPU.Build.0 = Debug|Any CPU
		{12B0CB71-FE50-4DCA-9CE9-2164FC21CC04}.Release|Any CPU.ActiveCfg = Release|Any CPU
		{12B0CB71-FE50-4DCA-9CE9-2164FC21CC04}.Release|Any CPU.Build.0 = Release|Any CPU
		{6B8627D9-2E5B-4047-BAFA-FE947C5D5311}.Debug|Any CPU.ActiveCfg = Debug|Any CPU
		{6B8627D9-2E5B-4047-BAFA-FE947C5D5311}.Debug|Any CPU.Build.0 = Debug|Any CPU
		{6B8627D9-2E5B-4047-BAFA-FE947C5D5311}.Release|Any CPU.ActiveCfg = Release|Any CPU
		{6B8627D9-2E5B-4047-BAFA-FE947C5D5311}.Release|Any CPU.Build.0 = Release|Any CPU
		{59B58330-431B-4938-88E2-4B7C53D64469}.Debug|Any CPU.ActiveCfg = Debug|Any CPU
		{59B58330-431B-4938-88E2-4B7C53D64469}.Debug|Any CPU.Build.0 = Debug|Any CPU
		{59B58330-431B-4938-88E2-4B7C53D64469}.Release|Any CPU.ActiveCfg = Release|Any CPU
		{59B58330-431B-4938-88E2-4B7C53D64469}.Release|Any CPU.Build.0 = Release|Any CPU
		{039F5E92-9864-42B5-BE7A-36673A0786D6}.Debug|Any CPU.ActiveCfg = Debug|Any CPU
		{039F5E92-9864-42B5-BE7A-36673A0786D6}.Debug|Any CPU.Build.0 = Debug|Any CPU
		{039F5E92-9864-42B5-BE7A-36673A0786D6}.Release|Any CPU.ActiveCfg = Release|Any CPU
		{039F5E92-9864-42B5-BE7A-36673A0786D6}.Release|Any CPU.Build.0 = Release|Any CPU
		{9349076E-FC38-4A4B-A517-1C70D51CBAAB}.Debug|Any CPU.ActiveCfg = Debug|Any CPU
		{9349076E-FC38-4A4B-A517-1C70D51CBAAB}.Debug|Any CPU.Build.0 = Debug|Any CPU
		{9349076E-FC38-4A4B-A517-1C70D51CBAAB}.Release|Any CPU.ActiveCfg = Release|Any CPU
		{9349076E-FC38-4A4B-A517-1C70D51CBAAB}.Release|Any CPU.Build.0 = Release|Any CPU
		{CD9AC2AF-4E68-4AEC-B895-2C8AC1A9381F}.Debug|Any CPU.ActiveCfg = Debug|Any CPU
		{CD9AC2AF-4E68-4AEC-B895-2C8AC1A9381F}.Debug|Any CPU.Build.0 = Debug|Any CPU
		{CD9AC2AF-4E68-4AEC-B895-2C8AC1A9381F}.Release|Any CPU.ActiveCfg = Release|Any CPU
		{CD9AC2AF-4E68-4AEC-B895-2C8AC1A9381F}.Release|Any CPU.Build.0 = Release|Any CPU
		{7A43D17E-E41F-4692-99FB-99CCB302262B}.Debug|Any CPU.ActiveCfg = Debug|Any CPU
		{7A43D17E-E41F-4692-99FB-99CCB302262B}.Debug|Any CPU.Build.0 = Debug|Any CPU
		{7A43D17E-E41F-4692-99FB-99CCB302262B}.Release|Any CPU.ActiveCfg = Release|Any CPU
		{7A43D17E-E41F-4692-99FB-99CCB302262B}.Release|Any CPU.Build.0 = Release|Any CPU
		{B9C965F4-1874-420A-B3A7-3A6B8F5DFAB1}.Debug|Any CPU.ActiveCfg = Debug|Any CPU
		{B9C965F4-1874-420A-B3A7-3A6B8F5DFAB1}.Debug|Any CPU.Build.0 = Debug|Any CPU
		{B9C965F4-1874-420A-B3A7-3A6B8F5DFAB1}.Release|Any CPU.ActiveCfg = Release|Any CPU
		{B9C965F4-1874-420A-B3A7-3A6B8F5DFAB1}.Release|Any CPU.Build.0 = Release|Any CPU
		{D7242AB6-907C-460F-BF54-DC48F212FCEA}.Debug|Any CPU.ActiveCfg = Debug|Any CPU
		{D7242AB6-907C-460F-BF54-DC48F212FCEA}.Debug|Any CPU.Build.0 = Debug|Any CPU
		{D7242AB6-907C-460F-BF54-DC48F212FCEA}.Release|Any CPU.ActiveCfg = Release|Any CPU
		{D7242AB6-907C-460F-BF54-DC48F212FCEA}.Release|Any CPU.Build.0 = Release|Any CPU
		{CD3B0DC7-6569-4B85-9E1C-8253DDF70A3F}.Debug|Any CPU.ActiveCfg = Debug|Any CPU
		{CD3B0DC7-6569-4B85-9E1C-8253DDF70A3F}.Debug|Any CPU.Build.0 = Debug|Any CPU
		{CD3B0DC7-6569-4B85-9E1C-8253DDF70A3F}.Release|Any CPU.ActiveCfg = Release|Any CPU
		{CD3B0DC7-6569-4B85-9E1C-8253DDF70A3F}.Release|Any CPU.Build.0 = Release|Any CPU
		{BACA9A96-0171-48DA-8400-BCC7D65C3345}.Debug|Any CPU.ActiveCfg = Debug|Any CPU
		{BACA9A96-0171-48DA-8400-BCC7D65C3345}.Debug|Any CPU.Build.0 = Debug|Any CPU
		{BACA9A96-0171-48DA-8400-BCC7D65C3345}.Release|Any CPU.ActiveCfg = Release|Any CPU
		{BACA9A96-0171-48DA-8400-BCC7D65C3345}.Release|Any CPU.Build.0 = Release|Any CPU
		{C1E775F3-B94B-475E-BB85-2D77AFED0902}.Debug|Any CPU.ActiveCfg = Debug|Any CPU
		{C1E775F3-B94B-475E-BB85-2D77AFED0902}.Debug|Any CPU.Build.0 = Debug|Any CPU
		{C1E775F3-B94B-475E-BB85-2D77AFED0902}.Release|Any CPU.ActiveCfg = Release|Any CPU
		{C1E775F3-B94B-475E-BB85-2D77AFED0902}.Release|Any CPU.Build.0 = Release|Any CPU
		{29D66207-AE4D-4E0E-9C04-390D67F715D9}.Debug|Any CPU.ActiveCfg = Debug|Any CPU
		{29D66207-AE4D-4E0E-9C04-390D67F715D9}.Debug|Any CPU.Build.0 = Debug|Any CPU
		{29D66207-AE4D-4E0E-9C04-390D67F715D9}.Release|Any CPU.ActiveCfg = Release|Any CPU
		{29D66207-AE4D-4E0E-9C04-390D67F715D9}.Release|Any CPU.Build.0 = Release|Any CPU
		{BE6A46F5-8015-4459-9340-3389E137EC3B}.Debug|Any CPU.ActiveCfg = Debug|Any CPU
		{BE6A46F5-8015-4459-9340-3389E137EC3B}.Debug|Any CPU.Build.0 = Debug|Any CPU
		{BE6A46F5-8015-4459-9340-3389E137EC3B}.Release|Any CPU.ActiveCfg = Release|Any CPU
		{BE6A46F5-8015-4459-9340-3389E137EC3B}.Release|Any CPU.Build.0 = Release|Any CPU
	EndGlobalSection
	GlobalSection(SolutionProperties) = preSolution
		HideSolutionNode = FALSE
	EndGlobalSection
	GlobalSection(NestedProjects) = preSolution
		{D57B4D9F-C756-4E84-951D-2D56EDE879A7} = {1CD019B1-6628-4F9D-BE13-AA15FA2AD934}
		{0CA433EB-B30D-4A93-8401-EC2C8A5BE104} = {1CD019B1-6628-4F9D-BE13-AA15FA2AD934}
		{04799DD3-720C-4707-947F-C35FEB76F557} = {D4D349EF-58D4-4E04-88A2-35FFA5D2EABC}
		{B115C56C-759C-4FE8-B30A-B5550F650228} = {19D29F78-F7F0-4D00-8791-9EDF91AE03A6}
		{FA8A60FB-8C81-4682-8051-5777C41C9AF6} = {19D29F78-F7F0-4D00-8791-9EDF91AE03A6}
		{1C42CD6A-A00C-47DC-A9CE-D95B5EEE825F} = {19D29F78-F7F0-4D00-8791-9EDF91AE03A6}
		{F452E0A6-FCB3-4519-9F1B-F4E60F7081EB} = {19D29F78-F7F0-4D00-8791-9EDF91AE03A6}
		{00EE16C2-06FE-47EF-A9A4-9D75960A3839} = {19D29F78-F7F0-4D00-8791-9EDF91AE03A6}
		{E17D486A-E3D2-423D-B5C6-E040B7163405} = {19D29F78-F7F0-4D00-8791-9EDF91AE03A6}
		{C6509853-8108-4A81-99FA-048DC8C2C04B} = {19D29F78-F7F0-4D00-8791-9EDF91AE03A6}
		{AE867802-C35B-4436-8B69-02520E020A4A} = {19D29F78-F7F0-4D00-8791-9EDF91AE03A6}
		{9486D837-CF93-4FC9-A126-AD95AFBFAA53} = {19D29F78-F7F0-4D00-8791-9EDF91AE03A6}
		{5B3C0B8D-AAB7-4295-91A3-C2BA84A4BD35} = {19D29F78-F7F0-4D00-8791-9EDF91AE03A6}
		{90D1AC85-EA89-4069-959A-03C6EE41BDCF} = {19D29F78-F7F0-4D00-8791-9EDF91AE03A6}
		{8F89DE3C-A368-43CC-90C9-6707063523F0} = {19D29F78-F7F0-4D00-8791-9EDF91AE03A6}
		{DDE48A67-42CA-4EEB-B595-8EFE21EB352B} = {19D29F78-F7F0-4D00-8791-9EDF91AE03A6}
		{C482CACC-3D1E-4713-9813-90A664A5BAD1} = {19D29F78-F7F0-4D00-8791-9EDF91AE03A6}
		{8329CE73-4328-4BB0-973D-F410DED8C517} = {243FBF5B-4775-4EA8-816E-501BCF809E5D}
		{72C5A287-2915-4159-8DE5-F37B850FE1F7} = {243FBF5B-4775-4EA8-816E-501BCF809E5D}
		{6BC8A351-165E-4665-8BFF-BD3421DEA7F6} = {243FBF5B-4775-4EA8-816E-501BCF809E5D}
		{95B37757-1625-4E2B-9DF9-AC2644560DDF} = {243FBF5B-4775-4EA8-816E-501BCF809E5D}
		{D405E40F-8202-4908-8E03-76CFEF5F37CE} = {243FBF5B-4775-4EA8-816E-501BCF809E5D}
		{7836578F-0579-414C-8A01-0F615F92ECBF} = {243FBF5B-4775-4EA8-816E-501BCF809E5D}
		{D188046D-8E9A-4E6A-8028-ED71F761C6DA} = {243FBF5B-4775-4EA8-816E-501BCF809E5D}
		{D71E50AF-404F-4EB1-A02C-E942C1968A88} = {243FBF5B-4775-4EA8-816E-501BCF809E5D}
		{EC84463D-13A9-4E4D-953B-52B1B473B466} = {243FBF5B-4775-4EA8-816E-501BCF809E5D}
		{A0E0EE1D-BD10-407D-BFDA-AFAF65FF65C2} = {243FBF5B-4775-4EA8-816E-501BCF809E5D}
		{4C04B157-340D-4CF2-84AB-4209C1D7AB9F} = {243FBF5B-4775-4EA8-816E-501BCF809E5D}
		{B77ED12F-F090-444B-BAD1-F3FD287E70CA} = {243FBF5B-4775-4EA8-816E-501BCF809E5D}
		{AA1F6BBA-F042-4AAF-9514-A522B34D41FC} = {243FBF5B-4775-4EA8-816E-501BCF809E5D}
		{01A41AD1-8454-49D4-A2DC-2D88F8C4986F} = {243FBF5B-4775-4EA8-816E-501BCF809E5D}
		{FC669CAF-8498-43D2-8EC7-FE8540ED8606} = {243FBF5B-4775-4EA8-816E-501BCF809E5D}
		{1A77FE6B-13B2-4628-8549-3F3EBE5D082B} = {94A2D135-A74E-4887-97DB-D490099D2F8F}
		{5F46ECD2-42BD-45BE-8F39-131336EC080E} = {94A2D135-A74E-4887-97DB-D490099D2F8F}
		{C32FC15E-F295-4093-8407-582A0B5E4015} = {94A2D135-A74E-4887-97DB-D490099D2F8F}
		{9FC2E7C3-6813-4B74-85FC-F5B5ECFF002E} = {94A2D135-A74E-4887-97DB-D490099D2F8F}
		{DF0906F2-98BE-4067-89E2-7B3EB14CEB70} = {94A2D135-A74E-4887-97DB-D490099D2F8F}
		{58958887-71DB-4B60-ABAC-C65EBE0AC949} = {94A2D135-A74E-4887-97DB-D490099D2F8F}
		{80A6211E-9A34-4C0B-B735-D4053C5215A5} = {94A2D135-A74E-4887-97DB-D490099D2F8F}
		{F2CA88D0-8ACF-4566-8624-5E31C123899D} = {94A2D135-A74E-4887-97DB-D490099D2F8F}
		{5D63F711-B1D0-4FB1-B4C5-48FF81E6A786} = {94EEA81A-78E5-4201-BCE7-B5F5918CF249}
		{12B0CB71-FE50-4DCA-9CE9-2164FC21CC04} = {94EEA81A-78E5-4201-BCE7-B5F5918CF249}
		{6B8627D9-2E5B-4047-BAFA-FE947C5D5311} = {94EEA81A-78E5-4201-BCE7-B5F5918CF249}
		{59B58330-431B-4938-88E2-4B7C53D64469} = {94EEA81A-78E5-4201-BCE7-B5F5918CF249}
		{039F5E92-9864-42B5-BE7A-36673A0786D6} = {94EEA81A-78E5-4201-BCE7-B5F5918CF249}
		{9349076E-FC38-4A4B-A517-1C70D51CBAAB} = {94EEA81A-78E5-4201-BCE7-B5F5918CF249}
		{CD9AC2AF-4E68-4AEC-B895-2C8AC1A9381F} = {94EEA81A-78E5-4201-BCE7-B5F5918CF249}
		{7A43D17E-E41F-4692-99FB-99CCB302262B} = {94EEA81A-78E5-4201-BCE7-B5F5918CF249}
		{B9C965F4-1874-420A-B3A7-3A6B8F5DFAB1} = {94EEA81A-78E5-4201-BCE7-B5F5918CF249}
		{D7242AB6-907C-460F-BF54-DC48F212FCEA} = {94EEA81A-78E5-4201-BCE7-B5F5918CF249}
		{CD3B0DC7-6569-4B85-9E1C-8253DDF70A3F} = {F077A9E8-C58D-42BC-B678-144D6D329EA8}
		{BACA9A96-0171-48DA-8400-BCC7D65C3345} = {F077A9E8-C58D-42BC-B678-144D6D329EA8}
		{C1E775F3-B94B-475E-BB85-2D77AFED0902} = {65F3C39B-07BF-4B8B-9E62-D0D8F0CEA546}
		{29D66207-AE4D-4E0E-9C04-390D67F715D9} = {65F3C39B-07BF-4B8B-9E62-D0D8F0CEA546}
		{BE6A46F5-8015-4459-9340-3389E137EC3B} = {65F3C39B-07BF-4B8B-9E62-D0D8F0CEA546}
	EndGlobalSection
	GlobalSection(ExtensibilityGlobals) = postSolution
		SolutionGuid = {75EC4551-BDDA-44DC-B093-1C3F4BA400C8}
	EndGlobalSection
EndGlobal
